
Microsoft Visual Studio Solution File, Format Version 12.00
# Visual Studio Version 17
VisualStudioVersion = 17.8.34330.188
MinimumVisualStudioVersion = 10.0.40219.1
Project("{FAE04EC0-301F-11D3-BF4B-00C04F79EFBC}") = "şifreli mesaj gönderimi", "şifreli mesaj gönderimi\şifreli mesaj gönderimi.csproj", "{6CA26F36-C383-40B9-B3AE-9ED3438583ED}"
EndProject
Global
	GlobalSection(SolutionConfigurationPlatforms) = preSolution
		Debug|Any CPU = Debug|Any CPU
		Release|Any CPU = Release|Any CPU
	EndGlobalSection
	GlobalSection(ProjectConfigurationPlatforms) = postSolution
		{6CA26F36-C383-40B9-B3AE-9ED3438583ED}.Debug|Any CPU.ActiveCfg = Debug|Any CPU
		{6CA26F36-C383-40B9-B3AE-9ED3438583ED}.Debug|Any CPU.Build.0 = Debug|Any CPU
		{6CA26F36-C383-40B9-B3AE-9ED3438583ED}.Release|Any CPU.ActiveCfg = Release|Any CPU
		{6CA26F36-C383-40B9-B3AE-9ED3438583ED}.Release|Any CPU.Build.0 = Release|Any CPU
	EndGlobalSection
	GlobalSection(SolutionProperties) = preSolution
		HideSolutionNode = FALSE
	EndGlobalSection
	GlobalSection(ExtensibilityGlobals) = postSolution
		SolutionGuid = {36B4E9AD-59E1-40BA-B27F-0514D5F85A49}
	EndGlobalSection
EndGlobal
